
Microsoft Visual Studio Solution File, Format Version 12.00
# Visual Studio Version 17
VisualStudioVersion = 17.6.33815.320
MinimumVisualStudioVersion = 10.0.40219.1
Project("{9A19103F-16F7-4668-BE54-9A1E7A4F7556}") = "QimiaAcademy", "QimiaAcademy\QimiaAcademy.csproj", "{5DEB43E3-9006-492A-B907-4C10AE7F2166}"
EndProject
Project("{9A19103F-16F7-4668-BE54-9A1E7A4F7556}") = "DataAccess", "DataAccess\DataAccess.csproj", "{0AB6F626-10CD-478C-B499-4ED5C2FCEFA2}"
EndProject
Project("{9A19103F-16F7-4668-BE54-9A1E7A4F7556}") = "Business", "Business\Business.csproj", "{54E901F7-9D29-4C8F-9FE0-7B5643DC8B1A}"
EndProject
Project("{FAE04EC0-301F-11D3-BF4B-00C04F79EFBC}") = "Business.UnitTests", "Business.UnitTests\Business.UnitTests.csproj", "{A134A8CE-2B9E-443F-9984-6D430634E182}"
EndProject
Global
	GlobalSection(SolutionConfigurationPlatforms) = preSolution
		Debug|Any CPU = Debug|Any CPU
		Release|Any CPU = Release|Any CPU
	EndGlobalSection
	GlobalSection(ProjectConfigurationPlatforms) = postSolution
		{5DEB43E3-9006-492A-B907-4C10AE7F2166}.Debug|Any CPU.ActiveCfg = Debug|Any CPU
		{5DEB43E3-9006-492A-B907-4C10AE7F2166}.Debug|Any CPU.Build.0 = Debug|Any CPU
		{5DEB43E3-9006-492A-B907-4C10AE7F2166}.Release|Any CPU.ActiveCfg = Release|Any CPU
		{5DEB43E3-9006-492A-B907-4C10AE7F2166}.Release|Any CPU.Build.0 = Release|Any CPU
		{0AB6F626-10CD-478C-B499-4ED5C2FCEFA2}.Debug|Any CPU.ActiveCfg = Debug|Any CPU
		{0AB6F626-10CD-478C-B499-4ED5C2FCEFA2}.Debug|Any CPU.Build.0 = Debug|Any CPU
		{0AB6F626-10CD-478C-B499-4ED5C2FCEFA2}.Release|Any CPU.ActiveCfg = Release|Any CPU
		{0AB6F626-10CD-478C-B499-4ED5C2FCEFA2}.Release|Any CPU.Build.0 = Release|Any CPU
		{54E901F7-9D29-4C8F-9FE0-7B5643DC8B1A}.Debug|Any CPU.ActiveCfg = Debug|Any CPU
		{54E901F7-9D29-4C8F-9FE0-7B5643DC8B1A}.Debug|Any CPU.Build.0 = Debug|Any CPU
		{54E901F7-9D29-4C8F-9FE0-7B5643DC8B1A}.Release|Any CPU.ActiveCfg = Release|Any CPU
		{54E901F7-9D29-4C8F-9FE0-7B5643DC8B1A}.Release|Any CPU.Build.0 = Release|Any CPU
		{A134A8CE-2B9E-443F-9984-6D430634E182}.Debug|Any CPU.ActiveCfg = Debug|Any CPU
		{A134A8CE-2B9E-443F-9984-6D430634E182}.Debug|Any CPU.Build.0 = Debug|Any CPU
		{A134A8CE-2B9E-443F-9984-6D430634E182}.Release|Any CPU.ActiveCfg = Release|Any CPU
		{A134A8CE-2B9E-443F-9984-6D430634E182}.Release|Any CPU.Build.0 = Release|Any CPU
	EndGlobalSection
	GlobalSection(SolutionProperties) = preSolution
		HideSolutionNode = FALSE
	EndGlobalSection
	GlobalSection(ExtensibilityGlobals) = postSolution
		SolutionGuid = {62DB00E0-3F54-4DB8-A4F4-9C7DBDD3AFF5}
	EndGlobalSection
EndGlobal
